
Microsoft Visual Studio Solution File, Format Version 12.00
# Visual Studio 2013
VisualStudioVersion = 12.0.31101.0
MinimumVisualStudioVersion = 10.0.40219.1
Project("{FAE04EC0-301F-11D3-BF4B-00C04F79EFBC}") = "Waveform", "Waveform\Waveform.csproj", "{B6236C07-9555-43D9-85C6-A1DC9BA68BB3}"
EndProject
Project("{FAE04EC0-301F-11D3-BF4B-00C04F79EFBC}") = "FMOD", "FMOD\FMOD.csproj", "{6535FC84-904B-44F2-B211-CC3534A9ABF9}"
EndProject
Project("{FAE04EC0-301F-11D3-BF4B-00C04F79EFBC}") = "LaunchPad2", "LaunchPad2\LaunchPad2.csproj", "{D6DBACD6-2C9C-4610-83CA-3527E019FFE5}"
EndProject
Project("{FAE04EC0-301F-11D3-BF4B-00C04F79EFBC}") = "SC18IM700b", "SC18IM700b\SC18IM700b.csproj", "{E6578F60-08D1-4C27-B0A8-BAF9915ED736}"
EndProject
Project("{FAE04EC0-301F-11D3-BF4B-00C04F79EFBC}") = "NodeControl", "NodeControl\NodeControl.csproj", "{73CDDDCB-2DF3-4F07-B822-9A49AAD2A1F1}"
EndProject
Project("{930C7802-8A8C-48F9-8165-68863BCCD9DD}") = "LaunchPad2.Installer", "LaunchPad2.Installer\LaunchPad2.Installer.wixproj", "{A1600C07-48B8-42BA-9A20-D64D85A2834D}"
EndProject
Global
	GlobalSection(SolutionConfigurationPlatforms) = preSolution
		Debug|Any CPU = Debug|Any CPU
		Debug|Mixed Platforms = Debug|Mixed Platforms
		Debug|x86 = Debug|x86
		Release|Any CPU = Release|Any CPU
		Release|Mixed Platforms = Release|Mixed Platforms
		Release|x86 = Release|x86
	EndGlobalSection
	GlobalSection(ProjectConfigurationPlatforms) = postSolution
		{B6236C07-9555-43D9-85C6-A1DC9BA68BB3}.Debug|Any CPU.ActiveCfg = Debug|Any CPU
		{B6236C07-9555-43D9-85C6-A1DC9BA68BB3}.Debug|Any CPU.Build.0 = Debug|Any CPU
		{B6236C07-9555-43D9-85C6-A1DC9BA68BB3}.Debug|Mixed Platforms.ActiveCfg = Debug|Any CPU
		{B6236C07-9555-43D9-85C6-A1DC9BA68BB3}.Debug|Mixed Platforms.Build.0 = Debug|Any CPU
		{B6236C07-9555-43D9-85C6-A1DC9BA68BB3}.Debug|x86.ActiveCfg = Debug|Any CPU
		{B6236C07-9555-43D9-85C6-A1DC9BA68BB3}.Release|Any CPU.ActiveCfg = Release|Any CPU
		{B6236C07-9555-43D9-85C6-A1DC9BA68BB3}.Release|Any CPU.Build.0 = Release|Any CPU
		{B6236C07-9555-43D9-85C6-A1DC9BA68BB3}.Release|Mixed Platforms.ActiveCfg = Release|Any CPU
		{B6236C07-9555-43D9-85C6-A1DC9BA68BB3}.Release|Mixed Platforms.Build.0 = Release|Any CPU
		{B6236C07-9555-43D9-85C6-A1DC9BA68BB3}.Release|x86.ActiveCfg = Release|Any CPU
		{6535FC84-904B-44F2-B211-CC3534A9ABF9}.Debug|Any CPU.ActiveCfg = Debug|Any CPU
		{6535FC84-904B-44F2-B211-CC3534A9ABF9}.Debug|Any CPU.Build.0 = Debug|Any CPU
		{6535FC84-904B-44F2-B211-CC3534A9ABF9}.Debug|Mixed Platforms.ActiveCfg = Debug|Any CPU
		{6535FC84-904B-44F2-B211-CC3534A9ABF9}.Debug|Mixed Platforms.Build.0 = Debug|Any CPU
		{6535FC84-904B-44F2-B211-CC3534A9ABF9}.Debug|x86.ActiveCfg = Debug|Any CPU
		{6535FC84-904B-44F2-B211-CC3534A9ABF9}.Release|Any CPU.ActiveCfg = Release|Any CPU
		{6535FC84-904B-44F2-B211-CC3534A9ABF9}.Release|Any CPU.Build.0 = Release|Any CPU
		{6535FC84-904B-44F2-B211-CC3534A9ABF9}.Release|Mixed Platforms.ActiveCfg = Release|Any CPU
		{6535FC84-904B-44F2-B211-CC3534A9ABF9}.Release|Mixed Platforms.Build.0 = Release|Any CPU
		{6535FC84-904B-44F2-B211-CC3534A9ABF9}.Release|x86.ActiveCfg = Release|Any CPU
		{D6DBACD6-2C9C-4610-83CA-3527E019FFE5}.Debug|Any CPU.ActiveCfg = Debug|Any CPU
		{D6DBACD6-2C9C-4610-83CA-3527E019FFE5}.Debug|Any CPU.Build.0 = Debug|Any CPU
		{D6DBACD6-2C9C-4610-83CA-3527E019FFE5}.Debug|Mixed Platforms.ActiveCfg = Debug|Any CPU
		{D6DBACD6-2C9C-4610-83CA-3527E019FFE5}.Debug|Mixed Platforms.Build.0 = Debug|Any CPU
		{D6DBACD6-2C9C-4610-83CA-3527E019FFE5}.Debug|x86.ActiveCfg = Debug|Any CPU
		{D6DBACD6-2C9C-4610-83CA-3527E019FFE5}.Release|Any CPU.ActiveCfg = Release|Any CPU
		{D6DBACD6-2C9C-4610-83CA-3527E019FFE5}.Release|Any CPU.Build.0 = Release|Any CPU
		{D6DBACD6-2C9C-4610-83CA-3527E019FFE5}.Release|Mixed Platforms.ActiveCfg = Release|Any CPU
		{D6DBACD6-2C9C-4610-83CA-3527E019FFE5}.Release|Mixed Platforms.Build.0 = Release|Any CPU
		{D6DBACD6-2C9C-4610-83CA-3527E019FFE5}.Release|x86.ActiveCfg = Release|Any CPU
		{E6578F60-08D1-4C27-B0A8-BAF9915ED736}.Debug|Any CPU.ActiveCfg = Debug|Any CPU
		{E6578F60-08D1-4C27-B0A8-BAF9915ED736}.Debug|Any CPU.Build.0 = Debug|Any CPU
		{E6578F60-08D1-4C27-B0A8-BAF9915ED736}.Debug|Mixed Platforms.ActiveCfg = Debug|Any CPU
		{E6578F60-08D1-4C27-B0A8-BAF9915ED736}.Debug|Mixed Platforms.Build.0 = Debug|Any CPU
		{E6578F60-08D1-4C27-B0A8-BAF9915ED736}.Debug|x86.ActiveCfg = Debug|Any CPU
		{E6578F60-08D1-4C27-B0A8-BAF9915ED736}.Release|Any CPU.ActiveCfg = Release|Any CPU
		{E6578F60-08D1-4C27-B0A8-BAF9915ED736}.Release|Any CPU.Build.0 = Release|Any CPU
		{E6578F60-08D1-4C27-B0A8-BAF9915ED736}.Release|Mixed Platforms.ActiveCfg = Release|Any CPU
		{E6578F60-08D1-4C27-B0A8-BAF9915ED736}.Release|Mixed Platforms.Build.0 = Release|Any CPU
		{E6578F60-08D1-4C27-B0A8-BAF9915ED736}.Release|x86.ActiveCfg = Release|Any CPU
		{73CDDDCB-2DF3-4F07-B822-9A49AAD2A1F1}.Debug|Any CPU.ActiveCfg = Debug|Any CPU
		{73CDDDCB-2DF3-4F07-B822-9A49AAD2A1F1}.Debug|Any CPU.Build.0 = Debug|Any CPU
		{73CDDDCB-2DF3-4F07-B822-9A49AAD2A1F1}.Debug|Mixed Platforms.ActiveCfg = Debug|Any CPU
		{73CDDDCB-2DF3-4F07-B822-9A49AAD2A1F1}.Debug|Mixed Platforms.Build.0 = Debug|Any CPU
		{73CDDDCB-2DF3-4F07-B822-9A49AAD2A1F1}.Debug|x86.ActiveCfg = Debug|Any CPU
		{73CDDDCB-2DF3-4F07-B822-9A49AAD2A1F1}.Release|Any CPU.ActiveCfg = Release|Any CPU
		{73CDDDCB-2DF3-4F07-B822-9A49AAD2A1F1}.Release|Any CPU.Build.0 = Release|Any CPU
		{73CDDDCB-2DF3-4F07-B822-9A49AAD2A1F1}.Release|Mixed Platforms.ActiveCfg = Release|Any CPU
		{73CDDDCB-2DF3-4F07-B822-9A49AAD2A1F1}.Release|Mixed Platforms.Build.0 = Release|Any CPU
		{73CDDDCB-2DF3-4F07-B822-9A49AAD2A1F1}.Release|x86.ActiveCfg = Release|Any CPU
		{A1600C07-48B8-42BA-9A20-D64D85A2834D}.Debug|Any CPU.ActiveCfg = Debug|x86
		{A1600C07-48B8-42BA-9A20-D64D85A2834D}.Debug|Mixed Platforms.ActiveCfg = Debug|x86
		{A1600C07-48B8-42BA-9A20-D64D85A2834D}.Debug|Mixed Platforms.Build.0 = Debug|x86
		{A1600C07-48B8-42BA-9A20-D64D85A2834D}.Debug|x86.ActiveCfg = Debug|x86
		{A1600C07-48B8-42BA-9A20-D64D85A2834D}.Debug|x86.Build.0 = Debug|x86
		{A1600C07-48B8-42BA-9A20-D64D85A2834D}.Release|Any CPU.ActiveCfg = Release|x86
		{A1600C07-48B8-42BA-9A20-D64D85A2834D}.Release|Mixed Platforms.ActiveCfg = Release|x86
		{A1600C07-48B8-42BA-9A20-D64D85A2834D}.Release|Mixed Platforms.Build.0 = Release|x86
		{A1600C07-48B8-42BA-9A20-D64D85A2834D}.Release|x86.ActiveCfg = Release|x86
		{A1600C07-48B8-42BA-9A20-D64D85A2834D}.Release|x86.Build.0 = Release|x86
	EndGlobalSection
	GlobalSection(SolutionProperties) = preSolution
		HideSolutionNode = FALSE
	EndGlobalSection
EndGlobal
